
Microsoft Visual Studio Solution File, Format Version 12.00
# Visual Studio Version 17
VisualStudioVersion = 17.11.35327.3
MinimumVisualStudioVersion = 10.0.40219.1
Project("{8BC9CEB8-8B4A-11D0-8D11-00A0C91BC942}") = "SimilarityChecker", "SimilarityChecker.vcxproj", "{F333B2CF-2686-4E9F-BA86-3A8AB1D03E93}"
EndProject
Project("{2150E333-8FDC-42A3-9474-1A3956D46DE8}") = "솔루션 항목", "솔루션 항목", "{8A252369-2CFA-47C5-9834-8FA73E2800E9}"
	ProjectSection(SolutionItems) = preProject
		.gitignore.txt = .gitignore.txt
	EndProjectSection
EndProject
Global
	GlobalSection(SolutionConfigurationPlatforms) = preSolution
		Debug|x64 = Debug|x64
		Debug|x86 = Debug|x86
		Release|x64 = Release|x64
		Release|x86 = Release|x86
	EndGlobalSection
	GlobalSection(ProjectConfigurationPlatforms) = postSolution
		{F333B2CF-2686-4E9F-BA86-3A8AB1D03E93}.Debug|x64.ActiveCfg = Debug|x64
		{F333B2CF-2686-4E9F-BA86-3A8AB1D03E93}.Debug|x64.Build.0 = Debug|x64
		{F333B2CF-2686-4E9F-BA86-3A8AB1D03E93}.Debug|x86.ActiveCfg = Debug|Win32
		{F333B2CF-2686-4E9F-BA86-3A8AB1D03E93}.Debug|x86.Build.0 = Debug|Win32
		{F333B2CF-2686-4E9F-BA86-3A8AB1D03E93}.Release|x64.ActiveCfg = Release|x64
		{F333B2CF-2686-4E9F-BA86-3A8AB1D03E93}.Release|x64.Build.0 = Release|x64
		{F333B2CF-2686-4E9F-BA86-3A8AB1D03E93}.Release|x86.ActiveCfg = Release|Win32
		{F333B2CF-2686-4E9F-BA86-3A8AB1D03E93}.Release|x86.Build.0 = Release|Win32
	EndGlobalSection
	GlobalSection(SolutionProperties) = preSolution
		HideSolutionNode = FALSE
	EndGlobalSection
	GlobalSection(ExtensibilityGlobals) = postSolution
		SolutionGuid = {BBC0436D-7F64-44C1-A532-9FFEDE82A990}
	EndGlobalSection
EndGlobal
